
Microsoft Visual Studio Solution File, Format Version 12.00
# Visual Studio Version 17
VisualStudioVersion = 17.2.32616.157
MinimumVisualStudioVersion = 10.0.40219.1
Project("{FAE04EC0-301F-11D3-BF4B-00C04F79EFBC}") = "SoccerLeague", "SoccerLeague.csproj", "{F37D637E-CA97-4326-AB63-FAC3B5A1531C}"
EndProject
Global
	GlobalSection(SolutionConfigurationPlatforms) = preSolution
		Debug|Any CPU = Debug|Any CPU
		Release|Any CPU = Release|Any CPU
	EndGlobalSection
	GlobalSection(ProjectConfigurationPlatforms) = postSolution
		{F37D637E-CA97-4326-AB63-FAC3B5A1531C}.Debug|Any CPU.ActiveCfg = Debug|Any CPU
		{F37D637E-CA97-4326-AB63-FAC3B5A1531C}.Debug|Any CPU.Build.0 = Debug|Any CPU
		{F37D637E-CA97-4326-AB63-FAC3B5A1531C}.Release|Any CPU.ActiveCfg = Release|Any CPU
		{F37D637E-CA97-4326-AB63-FAC3B5A1531C}.Release|Any CPU.Build.0 = Release|Any CPU
	EndGlobalSection
	GlobalSection(SolutionProperties) = preSolution
		HideSolutionNode = FALSE
	EndGlobalSection
	GlobalSection(ExtensibilityGlobals) = postSolution
		SolutionGuid = {3556C850-75D7-4095-BD5C-ACA83F24C1F9}
	EndGlobalSection
EndGlobal
